
Microsoft Visual Studio Solution File, Format Version 12.00
# Visual Studio Version 16
VisualStudioVersion = 16.0.29613.14
MinimumVisualStudioVersion = 10.0.40219.1
Project("{FAE04EC0-301F-11D3-BF4B-00C04F79EFBC}") = "Venier.Twin.Device", "Venier.Twin.Device\Venier.Twin.Device.csproj", "{A6457EFE-7285-4C5C-B3D4-18F1B76A79D2}"
EndProject
Project("{FAE04EC0-301F-11D3-BF4B-00C04F79EFBC}") = "Venier.Twin.WebApp", "Venier.Twin.WebApp\Venier.Twin.WebApp.csproj", "{C1A998DD-D11C-4764-A699-DF294C2F3045}"
EndProject
Global
	GlobalSection(SolutionConfigurationPlatforms) = preSolution
		Debug|Any CPU = Debug|Any CPU
		Release|Any CPU = Release|Any CPU
	EndGlobalSection
	GlobalSection(ProjectConfigurationPlatforms) = postSolution
		{A6457EFE-7285-4C5C-B3D4-18F1B76A79D2}.Debug|Any CPU.ActiveCfg = Debug|Any CPU
		{A6457EFE-7285-4C5C-B3D4-18F1B76A79D2}.Debug|Any CPU.Build.0 = Debug|Any CPU
		{A6457EFE-7285-4C5C-B3D4-18F1B76A79D2}.Release|Any CPU.ActiveCfg = Release|Any CPU
		{A6457EFE-7285-4C5C-B3D4-18F1B76A79D2}.Release|Any CPU.Build.0 = Release|Any CPU
		{C1A998DD-D11C-4764-A699-DF294C2F3045}.Debug|Any CPU.ActiveCfg = Debug|Any CPU
		{C1A998DD-D11C-4764-A699-DF294C2F3045}.Debug|Any CPU.Build.0 = Debug|Any CPU
		{C1A998DD-D11C-4764-A699-DF294C2F3045}.Release|Any CPU.ActiveCfg = Release|Any CPU
		{C1A998DD-D11C-4764-A699-DF294C2F3045}.Release|Any CPU.Build.0 = Release|Any CPU
	EndGlobalSection
	GlobalSection(SolutionProperties) = preSolution
		HideSolutionNode = FALSE
	EndGlobalSection
	GlobalSection(ExtensibilityGlobals) = postSolution
		SolutionGuid = {6F859290-5AA9-4612-8D24-7289AF758A0D}
	EndGlobalSection
EndGlobal
